{
	"name": "@ghasemkiani/dom",
	"version": "1.1.1",
	"lockfileVersion": 3,
	"requires": true,
	"packages": {
		"": {
			"name": "@ghasemkiani/dom",
			"version": "1.1.1",
			"license": "MIT",
			"dependencies": {
				"@ghasemkiani/base": "github:ghasemkiani/base"
			}
		},
		"node_modules/@ghasemkiani/base": {
			"version": "3.3.8",
			"resolved": "git+ssh://git@github.com/ghasemkiani/base.git#bfd4c8bd1ad968220360133d50c419b735cc6cbd",
			"license": "MIT"
		}
	}
}
