{
  "name": "@ghasemkiani/dom",
  "version": "1.1.5",
  "lockfileVersion": 3,
  "requires": true,
  "packages": {
    "": {
      "name": "@ghasemkiani/dom",
      "version": "1.1.5",
      "license": "MIT",
      "dependencies": {
        "@ghasemkiani/base": "github:ghasemkiani/base"
      }
    },
    "node_modules/@ghasemkiani/base": {
      "version": "3.3.25",
      "resolved": "git+ssh://git@github.com/ghasemkiani/base.git#1322bf300c2c735dc4d8ab73eabe1c77a1f56155",
      "license": "MIT"
    }
  }
}
